<?xml version="1.0" encoding="UTF-8" standalone="yes" ?>
<CodeBlocks_project_file>
	<FileVersion major="1" minor="6" />
	<Project>
		<Option title="RadioPlayer3" />
		<Option pch_mode="2" />
		<Option compiler="gnu_arm_eabi_gcc_compiler" />
		<Build>
			<Target title="NSG_NO">
				<Option output="exe/ftdemo_NSG.elf" prefix_auto="0" extension_auto="0" />
				<Option object_output="objects/nsg" />
				<Option type="1" />
				<Option compiler="gnu_arm_eabi_gcc_compiler" />
				<Compiler>
					<Add option="-DNEWSGOLD" />
				</Compiler>
			</Target>
			<Target title="SG_NO">
				<Option output="exe/ftdemo_SGOLD.elf" prefix_auto="0" extension_auto="0" />
				<Option object_output="objects/sg" />
				<Option type="1" />
				<Option compiler="gnu_arm_eabi_gcc_compiler" />
				<Compiler>
					<Add option="-DSGOLD" />
				</Compiler>
			</Target>
			<Target title="ELKA">
				<Option output="exe/RadioPlayer3.elf" prefix_auto="0" extension_auto="0" />
				<Option object_output="objects/elka" />
				<Option type="1" />
				<Option compiler="gnu_arm_eabi_gcc_compiler" />
				<Compiler>
					<Add option="-DNEWSGOLD" />
					<Add option="-DELKA" />
				</Compiler>
				<Linker>
					<Add library="crt" />
				</Linker>
			</Target>
		</Build>
		<Compiler>
			<Add option="-marm" />
			<Add option="-msoft-float" />
			<Add option="-O1" />
			<Add option="-W" />
			<Add option="-Wextra" />
			<Add option="-fno-enforce-eh-specs" />
			<Add option="-fno-rtti" />
			<Add option="-fno-use-cxa-get-exception-ptr" />
			<Add option="-fno-non-call-exceptions" />
			<Add option="-fno-exceptions" />
			<Add option="-D__NO_LIBC" />
		</Compiler>
		<Linker>
			<Add option="-s" />
			<Add option="--defsym __ex=0" />
			<Add option="--gc-section" />
			<Add library="crt_helper" />
			<Add library="stdc++" />
			<Add library="supc++" />
			<Add library="c" />
			<Add library="gcc" />
			<Add library="ft" />
			<Add library="ft_server" />
			<Add library="m" />
			<Add library="jpeg" />
			<Add library="png" />
			<Add library="z" />
			<Add library="imgdrw" />
			<Add library="ui" />
			<Add library="fntdrw" />
		</Linker>
		<Unit filename="conf_loader.cpp" />
		<Unit filename="conf_loader.h" />
		<Unit filename="config_data.c">
			<Option compilerVar="CC" />
			<Option compiler="gnu_arm_eabi_gcc_compiler" use="1" buildCommand="$compiler $options -xc $includes -c $file -o $object -O0" />
			<Option compiler="armelfgcc" use="1" buildCommand="$compiler $options -xc $includes -c $file -o $object -O0" />
		</Unit>
		<Unit filename="main.cpp" />
		<Unit filename="mymenu.cpp" />
		<Unit filename="mymenu.h" />
		<Unit filename="radio.cpp" />
		<Unit filename="radio.h" />
		<Extensions>
			<envvars />
			<code_completion />
			<debugger />
		</Extensions>
	</Project>
</CodeBlocks_project_file>
